Microsoft Visual Studio Solution File, Format Version 12.00
# Visual Studio Version 17
VisualStudioVersion = 17.9.34723.18
MinimumVisualStudioVersion = 10.0.40219.1
Project("{8BC9CEB8-8B4A-11D0-8D11-00A0C91BC942}") = "efivar", "src\efivar.vcxproj", "{886484C7-9C4B-43CC-9735-3D5C501D609F}"
EndProject
Project("{8BC9CEB8-8B4A-11D0-8D11-00A0C91BC942}") = "akilib", "%AKIROOT%\svn\akisystems\akilib\akilib.vcxproj", "{0A19BC1F-D9EA-4438-BA0D-2E42C97FC45D}"
EndProject
Project("{8BC9CEB8-8B4A-11D0-8D11-00A0C91BC942}") = "libc-amalgamated", "%AKIROOT%\svn\akisystems\libc-amalgamated\libc-amalgamated.vcxproj", "{B3C0F3F1-0C7B-4CF2-BCE4-2CA9694C85B4}"
EndProject
Project("{8BC9CEB8-8B4A-11D0-8D11-00A0C91BC942}") = "windows-amalgamated", "%AKIROOT%\svn\akisystems\windows-amalgamated\windows-amalgamated.vcxproj", "{46C35AE1-6011-4C75-9C65-368931B9BF00}"
EndProject
Project("{8BC9CEB8-8B4A-11D0-8D11-00A0C91BC942}") = "efisecdb", "src\efisecdb.vcxproj", "{E5E5271C-4E2D-4AAF-890C-CAE275A0B623}"
EndProject
Project("{8BC9CEB8-8B4A-11D0-8D11-00A0C91BC942}") = "libefiboot", "src\libefiboot.vcxproj", "{54B2ABBF-4E8A-4C58-A6FA-60FAB8B51AD5}"
EndProject
Project("{8BC9CEB8-8B4A-11D0-8D11-00A0C91BC942}") = "libefivar", "src\libefivar.vcxproj", "{B0264AC0-EB3D-47C0-93D4-A8B7B3A5F97C}"
EndProject
Project("{8BC9CEB8-8B4A-11D0-8D11-00A0C91BC942}") = "libefisec", "src\libefisec.vcxproj", "{819F32C6-B4AD-4F09-AB16-F8C830C446E0}"
EndProject
Project("{8BC9CEB8-8B4A-11D0-8D11-00A0C91BC942}") = "makeguids", "src\makeguids.vcxproj", "{FD327DE6-A9B6-4A44-AF6D-2EC69AA5D47C}"
EndProject
Global
	GlobalSection(SolutionConfigurationPlatforms) = preSolution
		Debug|Win32 = Debug|Win32
		Debug|x64 = Debug|x64
		Release|Win32 = Release|Win32
		Release|x64 = Release|x64
	EndGlobalSection
	GlobalSection(ProjectConfigurationPlatforms) = postSolution
		{886484C7-9C4B-43CC-9735-3D5C501D609F}.Debug|Win32.ActiveCfg = Debug|Win32
		{886484C7-9C4B-43CC-9735-3D5C501D609F}.Debug|Win32.Build.0 = Debug|Win32
		{886484C7-9C4B-43CC-9735-3D5C501D609F}.Debug|x64.ActiveCfg = Debug|x64
		{886484C7-9C4B-43CC-9735-3D5C501D609F}.Debug|x64.Build.0 = Debug|x64
		{886484C7-9C4B-43CC-9735-3D5C501D609F}.Release|Win32.ActiveCfg = Release|Win32
		{886484C7-9C4B-43CC-9735-3D5C501D609F}.Release|Win32.Build.0 = Release|Win32
		{886484C7-9C4B-43CC-9735-3D5C501D609F}.Release|x64.ActiveCfg = Release|x64
		{886484C7-9C4B-43CC-9735-3D5C501D609F}.Release|x64.Build.0 = Release|x64
		{0A19BC1F-D9EA-4438-BA0D-2E42C97FC45D}.Debug|Win32.ActiveCfg = Debug|Win32
		{0A19BC1F-D9EA-4438-BA0D-2E42C97FC45D}.Debug|Win32.Build.0 = Debug|Win32
		{0A19BC1F-D9EA-4438-BA0D-2E42C97FC45D}.Debug|x64.ActiveCfg = Debug|x64
		{0A19BC1F-D9EA-4438-BA0D-2E42C97FC45D}.Debug|x64.Build.0 = Debug|x64
		{0A19BC1F-D9EA-4438-BA0D-2E42C97FC45D}.Release|Win32.ActiveCfg = Release|Win32
		{0A19BC1F-D9EA-4438-BA0D-2E42C97FC45D}.Release|Win32.Build.0 = Release|Win32
		{0A19BC1F-D9EA-4438-BA0D-2E42C97FC45D}.Release|x64.ActiveCfg = Release|x64
		{0A19BC1F-D9EA-4438-BA0D-2E42C97FC45D}.Release|x64.Build.0 = Release|x64
		{B3C0F3F1-0C7B-4CF2-BCE4-2CA9694C85B4}.Debug|Win32.ActiveCfg = Debug|Win32
		{B3C0F3F1-0C7B-4CF2-BCE4-2CA9694C85B4}.Debug|Win32.Build.0 = Debug|Win32
		{B3C0F3F1-0C7B-4CF2-BCE4-2CA9694C85B4}.Debug|x64.ActiveCfg = Debug|x64
		{B3C0F3F1-0C7B-4CF2-BCE4-2CA9694C85B4}.Debug|x64.Build.0 = Debug|x64
		{B3C0F3F1-0C7B-4CF2-BCE4-2CA9694C85B4}.Release|Win32.ActiveCfg = Release|Win32
		{B3C0F3F1-0C7B-4CF2-BCE4-2CA9694C85B4}.Release|Win32.Build.0 = Release|Win32
		{B3C0F3F1-0C7B-4CF2-BCE4-2CA9694C85B4}.Release|x64.ActiveCfg = Release|x64
		{B3C0F3F1-0C7B-4CF2-BCE4-2CA9694C85B4}.Release|x64.Build.0 = Release|x64
		{46C35AE1-6011-4C75-9C65-368931B9BF00}.Debug|Win32.ActiveCfg = Debug|Win32
		{46C35AE1-6011-4C75-9C65-368931B9BF00}.Debug|Win32.Build.0 = Debug|Win32
		{46C35AE1-6011-4C75-9C65-368931B9BF00}.Debug|x64.ActiveCfg = Debug|x64
		{46C35AE1-6011-4C75-9C65-368931B9BF00}.Debug|x64.Build.0 = Debug|x64
		{46C35AE1-6011-4C75-9C65-368931B9BF00}.Release|Win32.ActiveCfg = Release|Win32
		{46C35AE1-6011-4C75-9C65-368931B9BF00}.Release|Win32.Build.0 = Release|Win32
		{46C35AE1-6011-4C75-9C65-368931B9BF00}.Release|x64.ActiveCfg = Release|x64
		{46C35AE1-6011-4C75-9C65-368931B9BF00}.Release|x64.Build.0 = Release|x64
		{E5E5271C-4E2D-4AAF-890C-CAE275A0B623}.Debug|Win32.ActiveCfg = Debug|Win32
		{E5E5271C-4E2D-4AAF-890C-CAE275A0B623}.Debug|Win32.Build.0 = Debug|Win32
		{E5E5271C-4E2D-4AAF-890C-CAE275A0B623}.Debug|x64.ActiveCfg = Debug|x64
		{E5E5271C-4E2D-4AAF-890C-CAE275A0B623}.Debug|x64.Build.0 = Debug|x64
		{E5E5271C-4E2D-4AAF-890C-CAE275A0B623}.Release|Win32.ActiveCfg = Release|Win32
		{E5E5271C-4E2D-4AAF-890C-CAE275A0B623}.Release|Win32.Build.0 = Release|Win32
		{E5E5271C-4E2D-4AAF-890C-CAE275A0B623}.Release|x64.ActiveCfg = Release|x64
		{E5E5271C-4E2D-4AAF-890C-CAE275A0B623}.Release|x64.Build.0 = Release|x64
		{54B2ABBF-4E8A-4C58-A6FA-60FAB8B51AD5}.Debug|Win32.ActiveCfg = Debug|Win32
		{54B2ABBF-4E8A-4C58-A6FA-60FAB8B51AD5}.Debug|Win32.Build.0 = Debug|Win32
		{54B2ABBF-4E8A-4C58-A6FA-60FAB8B51AD5}.Debug|x64.ActiveCfg = Debug|x64
		{54B2ABBF-4E8A-4C58-A6FA-60FAB8B51AD5}.Debug|x64.Build.0 = Debug|x64
		{54B2ABBF-4E8A-4C58-A6FA-60FAB8B51AD5}.Release|Win32.ActiveCfg = Release|Win32
		{54B2ABBF-4E8A-4C58-A6FA-60FAB8B51AD5}.Release|Win32.Build.0 = Release|Win32
		{54B2ABBF-4E8A-4C58-A6FA-60FAB8B51AD5}.Release|x64.ActiveCfg = Release|x64
		{54B2ABBF-4E8A-4C58-A6FA-60FAB8B51AD5}.Release|x64.Build.0 = Release|x64
		{B0264AC0-EB3D-47C0-93D4-A8B7B3A5F97C}.Debug|Win32.ActiveCfg = Debug|Win32
		{B0264AC0-EB3D-47C0-93D4-A8B7B3A5F97C}.Debug|Win32.Build.0 = Debug|Win32
		{B0264AC0-EB3D-47C0-93D4-A8B7B3A5F97C}.Debug|x64.ActiveCfg = Debug|x64
		{B0264AC0-EB3D-47C0-93D4-A8B7B3A5F97C}.Debug|x64.Build.0 = Debug|x64
		{B0264AC0-EB3D-47C0-93D4-A8B7B3A5F97C}.Release|Win32.ActiveCfg = Release|Win32
		{B0264AC0-EB3D-47C0-93D4-A8B7B3A5F97C}.Release|Win32.Build.0 = Release|Win32
		{B0264AC0-EB3D-47C0-93D4-A8B7B3A5F97C}.Release|x64.ActiveCfg = Release|x64
		{B0264AC0-EB3D-47C0-93D4-A8B7B3A5F97C}.Release|x64.Build.0 = Release|x64
		{819F32C6-B4AD-4F09-AB16-F8C830C446E0}.Debug|Win32.ActiveCfg = Debug|Win32
		{819F32C6-B4AD-4F09-AB16-F8C830C446E0}.Debug|Win32.Build.0 = Debug|Win32
		{819F32C6-B4AD-4F09-AB16-F8C830C446E0}.Debug|x64.ActiveCfg = Debug|x64
		{819F32C6-B4AD-4F09-AB16-F8C830C446E0}.Debug|x64.Build.0 = Debug|x64
		{819F32C6-B4AD-4F09-AB16-F8C830C446E0}.Release|Win32.ActiveCfg = Release|Win32
		{819F32C6-B4AD-4F09-AB16-F8C830C446E0}.Release|Win32.Build.0 = Release|Win32
		{819F32C6-B4AD-4F09-AB16-F8C830C446E0}.Release|x64.ActiveCfg = Release|x64
		{819F32C6-B4AD-4F09-AB16-F8C830C446E0}.Release|x64.Build.0 = Release|x64
		{FD327DE6-A9B6-4A44-AF6D-2EC69AA5D47C}.Debug|Win32.ActiveCfg = Debug|Win32
		{FD327DE6-A9B6-4A44-AF6D-2EC69AA5D47C}.Debug|Win32.Build.0 = Debug|Win32
		{FD327DE6-A9B6-4A44-AF6D-2EC69AA5D47C}.Debug|x64.ActiveCfg = Debug|x64
		{FD327DE6-A9B6-4A44-AF6D-2EC69AA5D47C}.Debug|x64.Build.0 = Debug|x64
		{FD327DE6-A9B6-4A44-AF6D-2EC69AA5D47C}.Release|Win32.ActiveCfg = Release|Win32
		{FD327DE6-A9B6-4A44-AF6D-2EC69AA5D47C}.Release|Win32.Build.0 = Release|Win32
		{FD327DE6-A9B6-4A44-AF6D-2EC69AA5D47C}.Release|x64.ActiveCfg = Release|x64
		{FD327DE6-A9B6-4A44-AF6D-2EC69AA5D47C}.Release|x64.Build.0 = Release|x64
	EndGlobalSection
	GlobalSection(SolutionProperties) = preSolution
		HideSolutionNode = FALSE
	EndGlobalSection
	GlobalSection(ExtensibilityGlobals) = postSolution
		SolutionGuid = {23B6A513-D82D-4974-82F4-78853BD8AF35}
	EndGlobalSection
EndGlobal
