<?xml version="1.0" encoding="utf-8"?>
<Project ToolsVersion="4.0" xmlns="http://schemas.microsoft.com/developer/msbuild/2003">
  <ItemGroup>
    <Filter Include="Build Files">
      <UniqueIdentifier>{432a9cec-6639-4b30-b248-45af386bcdf3}</UniqueIdentifier>
      <Extensions>bat;cmd;ps1;sh</Extensions>
    </Filter>
    <Filter Include="Header Files">
      <UniqueIdentifier>{dbc1b271-b138-4ce3-b60b-ae15bb00d312}</UniqueIdentifier>
      <Extensions>h;hh;hpp;hxx;h++;hm;inl;inc;ipp;xsd</Extensions>
    </Filter>
    <Filter Include="Other Files">
      <UniqueIdentifier>{2af9edd6-3597-488a-bb81-c5759106b3a8}</UniqueIdentifier>
      <Extensions>txt;log;doc</Extensions>
    </Filter>
    <Filter Include="Resource Files">
      <UniqueIdentifier>{3d127843-e59a-4913-aa10-3c6603ea4a8c}</UniqueIdentifier>
      <Extensions>rc;ico;cur;bmp;dlg;rc2;rct;bin;rgs;gif;jpg;jpeg;avif;jfif;resx;tiff;tif;png;wav;mfcribbon-ms;h</Extensions>
    </Filter>
    <Filter Include="Source Files">
      <UniqueIdentifier>{65c2ac86-e266-4e5a-949a-a0ed70e2ca6e}</UniqueIdentifier>
      <Extensions>cpp;c;cc;cxx;c++;cppm;ixx;def;odl;idl;hpj;asm;asmx</Extensions>
    </Filter>
  </ItemGroup>
  <ItemGroup>
    <None Include="libefiboot.akibld.bat">
      <Filter>Build Files</Filter>
    </None>
  </ItemGroup>
  <ItemGroup>
    <ClInclude Include="libefiboot.h">
      <Filter>Header Files</Filter>
    </ClInclude>
  </ItemGroup>
  <ItemGroup>
    <ClInclude Include="libefiboot-resources.h">
      <Filter>Resource Files</Filter>
    </ClInclude>
  </ItemGroup>
  <ItemGroup>
    <Image Include="libefiboot.ico">
      <Filter>Resource Files</Filter>
    </Image>
  </ItemGroup>
  <ItemGroup>
    <ResourceCompile Include="libefiboot.rc">
      <Filter>Resource Files</Filter>
    </ResourceCompile>
  </ItemGroup>
  <ItemGroup>
    <ClCompile Include="crc32.c">
      <Filter>Source Files</Filter>
    </ClCompile>
    <ClCompile Include="creator.c">
      <Filter>Source Files</Filter>
    </ClCompile>
    <ClCompile Include="disk.c">
      <Filter>Source Files</Filter>
    </ClCompile>
    <ClCompile Include="gpt.c">
      <Filter>Source Files</Filter>
    </ClCompile>
    <ClCompile Include="loadopt.c">
      <Filter>Source Files</Filter>
    </ClCompile>
    <ClCompile Include="path-helpers.c">
      <Filter>Source Files</Filter>
    </ClCompile>
    <ClCompile Include="linux.c">
      <Filter>Source Files</Filter>
    </ClCompile>
    <ClCompile Include="linux-acpi.c">
      <Filter>Source Files</Filter>
    </ClCompile>
    <ClCompile Include="linux-acpi-root.c">
      <Filter>Source Files</Filter>
    </ClCompile>
    <ClCompile Include="linux-ata.c">
      <Filter>Source Files</Filter>
    </ClCompile>
    <ClCompile Include="linux-emmc.c">
      <Filter>Source Files</Filter>
    </ClCompile>
    <ClCompile Include="linux-i2o.c">
      <Filter>Source Files</Filter>
    </ClCompile>
    <ClCompile Include="linux-md.c">
      <Filter>Source Files</Filter>
    </ClCompile>
    <ClCompile Include="linux-nvme.c">
      <Filter>Source Files</Filter>
    </ClCompile>
    <ClCompile Include="linux-pci.c">
      <Filter>Source Files</Filter>
    </ClCompile>
    <ClCompile Include="linux-pci-root.c">
      <Filter>Source Files</Filter>
    </ClCompile>
    <ClCompile Include="linux-pmem.c">
      <Filter>Source Files</Filter>
    </ClCompile>
    <ClCompile Include="linux-sas.c">
      <Filter>Source Files</Filter>
    </ClCompile>
    <ClCompile Include="linux-sata.c">
      <Filter>Source Files</Filter>
    </ClCompile>
    <ClCompile Include="linux-scsi.c">
      <Filter>Source Files</Filter>
    </ClCompile>
    <ClCompile Include="linux-soc-root.c">
      <Filter>Source Files</Filter>
    </ClCompile>
    <ClCompile Include="linux-virtblk.c">
      <Filter>Source Files</Filter>
    </ClCompile>
    <ClCompile Include="linux-virtual-root.c">
      <Filter>Source Files</Filter>
    </ClCompile>
  </ItemGroup>
</Project>